
Microsoft Visual Studio Solution File, Format Version 12.00
# Visual Studio Version 17
VisualStudioVersion = 17.2.32602.215
MinimumVisualStudioVersion = 10.0.40219.1
Project("{FAE04EC0-301F-11D3-BF4B-00C04F79EFBC}") = "FridayFilm", "FridayFilm\FridayFilm.csproj", "{1D4D6AA4-4D70-45C0-B97C-92FD2A749659}"
EndProject
Global
	GlobalSection(SolutionConfigurationPlatforms) = preSolution
		Debug|Any CPU = Debug|Any CPU
		Release|Any CPU = Release|Any CPU
	EndGlobalSection
	GlobalSection(ProjectConfigurationPlatforms) = postSolution
		{1D4D6AA4-4D70-45C0-B97C-92FD2A749659}.Debug|Any CPU.ActiveCfg = Debug|Any CPU
		{1D4D6AA4-4D70-45C0-B97C-92FD2A749659}.Debug|Any CPU.Build.0 = Debug|Any CPU
		{1D4D6AA4-4D70-45C0-B97C-92FD2A749659}.Release|Any CPU.ActiveCfg = Release|Any CPU
		{1D4D6AA4-4D70-45C0-B97C-92FD2A749659}.Release|Any CPU.Build.0 = Release|Any CPU
	EndGlobalSection
	GlobalSection(SolutionProperties) = preSolution
		HideSolutionNode = FALSE
	EndGlobalSection
	GlobalSection(ExtensibilityGlobals) = postSolution
		SolutionGuid = {0F26FCD6-3B37-43F3-BEFF-36F21069B507}
	EndGlobalSection
EndGlobal
